
Microsoft Visual Studio Solution File, Format Version 12.00
# Visual Studio Version 16
VisualStudioVersion = 16.0.32002.261
MinimumVisualStudioVersion = 10.0.40219.1
Project("{888888A0-9F3D-457C-B088-3A5042F75D52}") = "自然通风(导入数据)", "自然通风(导入数据)\自然通风(导入数据).pyproj", "{B255A0F0-2955-46D6-866B-ED5BF30B47EE}"
EndProject
Global
	GlobalSection(SolutionConfigurationPlatforms) = preSolution
		Debug|Any CPU = Debug|Any CPU
		Release|Any CPU = Release|Any CPU
	EndGlobalSection
	GlobalSection(ProjectConfigurationPlatforms) = postSolution
		{B255A0F0-2955-46D6-866B-ED5BF30B47EE}.Debug|Any CPU.ActiveCfg = Debug|Any CPU
		{B255A0F0-2955-46D6-866B-ED5BF30B47EE}.Release|Any CPU.ActiveCfg = Release|Any CPU
	EndGlobalSection
	GlobalSection(SolutionProperties) = preSolution
		HideSolutionNode = FALSE
	EndGlobalSection
	GlobalSection(ExtensibilityGlobals) = postSolution
		SolutionGuid = {F3C5F45E-694E-4E44-AAF6-93ECDD883E87}
	EndGlobalSection
EndGlobal
